{
    "_meta": {
        "hash": {
            "sha256": "bcba55e9b391f4da2159ce9f8b72dd7abb4d1eb5042ddd127e25047460330450"
        },
        "pipfile-spec": 6,
        "requires": {
            "python_version": "3.9"
        },
        "sources": [
            {
                "name": "pypi",
                "url": "https://pypi.org/simple",
                "verify_ssl": true
            }
        ]
    },
    "default": {
        "anyio": {
            "hashes": [
                "sha256:07968db9fa7c1ca5435a133dc62f988d84ef78e1d9b22814a59d1c62618afbc5",
                "sha256:442678a3c7e1cdcdbc37dcfe4527aa851b1b0c9162653b516e9f509821691d50"
            ],
            "markers": "python_full_version >= '3.6.2'",
            "version": "==3.2.1"
        },
        "asgiref": {
            "hashes": [
                "sha256:05914d0fa65a21711e732adc6572edad6c8da5f1435c3f0c060689ced5e85195",
                "sha256:d36fa91dd90e3aa3c81a6bd426ccc8fb20bd3d22b0cf14a12800289e9c3e2563"
            ],
            "markers": "python_version >= '3.6'",
            "version": "==3.4.0"
        },
        "asynch": {
            "hashes": [
                "sha256:260d679f418d37d330e4c777c57d66c8f8fa2e4b06844a238bde2ab97e6fc2a0",
                "sha256:4a72c329712c9f43fcccfb16e14c70f30dc882b3fd0298b92a3c595831770b24"
            ],
            "index": "pypi",
            "version": "==0.1.9"
        },
        "certifi": {
            "hashes": [
                "sha256:2bbf76fd432960138b3ef6dda3dde0544f27cbf8546c458e60baf371917ba9ee",
                "sha256:50b1e4f8446b06f41be7dd6338db18e0990601dce795c2b1686458aa7e8fa7d8"
            ],
            "version": "==2021.5.30"
        },
        "ciso8601": {
            "hashes": [
                "sha256:bdbb5b366058b1c87735603b23060962c439ac9be66f1ae91e8c7dbd7d59e262"
            ],
            "version": "==2.1.3"
        },
        "click": {
            "hashes": [
                "sha256:8c04c11192119b1ef78ea049e0a6f0463e4c48ef00a30160c704337586f3ad7a",
                "sha256:fba402a4a47334742d782209a7c79bc448911afe1149d07bdabdf480b3e2f4b6"
            ],
            "markers": "python_version >= '3.6'",
            "version": "==8.0.1"
        },
        "clickhouse-cityhash": {
            "hashes": [
                "sha256:176778b1cd897054a9fad6dc0850151c9e80c2397f02339c9adb705caebfa8f0",
                "sha256:23db430b9c3bd2f800d78efc19429586edf4b33fc25c88682de22bd9fd1be20e",
                "sha256:2a532c5c05a4702613f2543750d953ee20cac944d6fbbe3fbf44f9fb3227a5a4",
                "sha256:2c274a0bef1a80a343e80595e8cb981d0a7edce8a63a6ca4907992c3e2341a1e",
                "sha256:2f377d20796c6fe4bc1c5b4e07082782788401f14677febc35305ce129a0167d",
                "sha256:37944ae9586c2721ed0e847260e9cf6c690369b0f0e476c3f09febdea6ffb3d2",
                "sha256:401b367b60c34ff88b42d0d531e275f63f2ff90d472b18486b77f3e000f82516",
                "sha256:40e13003788aceec44f9641f191f88882568aa08638a307fd01d1cae070bd6e2",
                "sha256:42c7164c11287bd89072e5cb9fc1097d2e20a3bcf4c15bd50b65c1a7c0ad3778",
                "sha256:4602153c124cdbcfa9bf3736f38582bca4f40956d7a4df0670ed4cf27d247c96",
                "sha256:4fc89463decb597c22c17914639c3a89254e29e629381af7f46976a6eefc798f",
                "sha256:5b39eaa9004a3bac1807614f2654645f4873d72bdd9460d60ebc9b3437376123",
                "sha256:69e1fb6968673536b13cbdc6e4d6bdd670b4b05f65411bc8af72e5cdae428e27",
                "sha256:786fa8c579c45e74bdf360c936f91cc75916454db66e6ce18301da16f0e5a9f7",
                "sha256:79633d0af9c432c1cf0e4fff513dd4074effd8fc8183d6d245ff48dbdf0453c2",
                "sha256:94cb7234d6b27fb2a3d1042d8bf22c6b37ed0f4c22d496b255918f13e0db3515",
                "sha256:954fca1ca365c8fedb5b9d281f59f7d8a48571b49fe64ef7ab7c39ada0a2a677",
                "sha256:98540df9cce00359266ea3cd32f064b4adf4da87e2d20b848e575037c6b418f0",
                "sha256:9b68b7188cb22accdae5829baff132f6a118f7c418d9eb4c11617c1e18882297",
                "sha256:9c46e47f2032ee8da8e0c43f552d17fd57bd7ed2b06338e522de8327435d8b95",
                "sha256:a2cfe3a0f43f2c5bd0c3dcb54cb1f0036b531efc958897e0aa058b86ac96c5de",
                "sha256:a81d18428e6df165a2b0537c6e54cbc43915c64d7de189f07452f387c0b4eedf",
                "sha256:aa4069107c3c05f820949a32f57e4f357884992a09b6f5c0cf1f26876fe885c8",
                "sha256:b3faeb15d7083d452e5593302ddf19a383d4795e429a0a117ecdabdfb013d055",
                "sha256:d556ff29cb66e73fdadf75831761912d660634635c4e915a865da51c79a4aa87",
                "sha256:e6f25434c7bbefc76ff8bbef86867daf68cb5d0b4ea05ec63fc23ecf9383ff3c",
                "sha256:ec52ae90dee73644cb8dae77438e9f9eec16c717481fafa51dc3af7d389b692f",
                "sha256:ee4e337baa43153e0d97676a4f1aa926d2f04076e0de25ea0be1bfc64ddd7e28",
                "sha256:f434558dcfc99127597048db48efe89411a1cb52736b3a59f715f3ba6063dad8",
                "sha256:f5659029f4df6f131b6ccdb87a3dc82a3e7f2530f669b50286eb57633876aa9a",
                "sha256:fdacaa9330086befe7bbd1362b327af76ac487b26e0c8e899fa95221a8d18aef"
            ],
            "version": "==1.0.2.3"
        },
        "confluent-kafka": {
            "hashes": [
                "sha256:11173733e0540a98e493c91a05686ba4e777883c2cda756d47848fce84e06b30",
                "sha256:1246f3c674357630b078bbc76824eabea87ac5a9ca270886abca9c7f052381da",
                "sha256:1e8e7770eaf2f6df0a3620f0bfc5dc2293e6ca3ac1e14c4babe6fefc03f50e18",
                "sha256:2b4d8d53148a26f0cafcb42e9483f76473120bc091fa0ede497caf8cc8db6f88",
                "sha256:33c32de2357ddcd3f8a98a96591c69c7ada76215e051ed5dbb17b763921f376a",
                "sha256:415c23e7ccf948e50de616191febd4ec299b1d748ae0abdab3888f0ec0915ea9",
                "sha256:5d9c75822c0b1cb7787fc60a78b3f249bfd56b3a692dd079d9d7510ffefe2c99",
                "sha256:5e044e5c5fce78c87aedd56dbd7bd5c046dbf7a0bc9a0eff32229766be8808a5",
                "sha256:80e01b4791513c27eded8517af847530dfdf04c43d99ff132ed9c3085933b75b",
                "sha256:8bb0d7e28deac58b234f7481184a60f743838c4e06309fbcca9484b93697c33b",
                "sha256:955de681f2bc7241d580ebb43d7516f825950518bfaf2c8e6bc3c88d22be4f08",
                "sha256:9f5ff838f2ca87e467aa992f9fcb8bbdd222097690fe6b15aa733025a1613532",
                "sha256:aa5f2905783b1a4e560e4172e228e2174a077090cbdf91a5448dd8deac02b2a9",
                "sha256:aad712996e1465e806f7e027ad248b2474d2140a3985d5f7789a5ff68e5dba8a",
                "sha256:bbba1f144992fbd920cb10c7c2450e82fc8936e04272d36be3a3567bfbf768d4",
                "sha256:bc2ad89e6cc4e05c5855dfbee2838a699861943ab3ea62ff2b914d72fcd1a6c6",
                "sha256:c0b3fc70c31f636562464e905c2b75a2705d3d53bb4687fd48b574dee2a7fa51",
                "sha256:ee3f33077e3534b33cec9825843cd705ede458c585cfab2a052813391fb73291",
                "sha256:f2628f3ebffe05d346f0456c566d5519a59bd0aa88179a9b7408c1808415c102",
                "sha256:f98fa8982da1a960e6c1bfca49b235f8de45c8af83d6b741d78f96f346748488"
            ],
            "index": "pypi",
            "version": "==1.7.0"
        },
        "fastapi": {
            "hashes": [
                "sha256:39569a18914075b2f1aaa03bcb9dc96a38e0e5dabaf3972e088c9077dfffa379",
                "sha256:8359e55d8412a5571c0736013d90af235d6949ec4ce978e9b63500c8f4b6f714"
            ],
            "index": "pypi",
            "version": "==0.65.2"
        },
        "h11": {
            "hashes": [
                "sha256:36a3cb8c0a032f56e2da7084577878a035d3b61d104230d4bd49c0c6b555a9c6",
                "sha256:47222cb6067e4a307d535814917cd98fd0a57b6788ce715755fa2b6c28b56042"
            ],
            "markers": "python_version >= '3.6'",
            "version": "==0.12.0"
        },
        "h2": {
            "hashes": [
                "sha256:61e0f6601fa709f35cdb730863b4e5ec7ad449792add80d1410d4174ed139af5",
                "sha256:875f41ebd6f2c44781259005b157faed1a5031df3ae5aa7bcb4628a6c0782f14"
            ],
            "version": "==3.2.0"
        },
        "hpack": {
            "hashes": [
                "sha256:0edd79eda27a53ba5be2dfabf3b15780928a0dff6eb0c60a3d6767720e970c89",
                "sha256:8eec9c1f4bfae3408a3f30500261f7e6a65912dc138526ea054f9ad98892e9d2"
            ],
            "version": "==3.0.0"
        },
        "httpcore": {
            "hashes": [
                "sha256:b0d16f0012ec88d8cc848f5a55f8a03158405f4bca02ee49bc4ca2c1fda49f3e",
                "sha256:db4c0dcb8323494d01b8c6d812d80091a31e520033e7b0120883d6f52da649ff"
            ],
            "markers": "python_version >= '3.6'",
            "version": "==0.13.6"
        },
        "httptools": {
            "hashes": [
                "sha256:01b392a166adcc8bc2f526a939a8aabf89fe079243e1543fd0e7dc1b58d737cb",
                "sha256:200fc1cdf733a9ff554c0bb97a4047785cfaad9875307d6087001db3eb2b417f",
                "sha256:3ab1f390d8867f74b3b5ee2a7ecc9b8d7f53750bd45714bf1cb72a953d7dfa77",
                "sha256:78d03dd39b09c99ec917d50189e6743adbfd18c15d5944392d2eabda688bf149",
                "sha256:79dbc21f3612a78b28384e989b21872e2e3cf3968532601544696e4ed0007ce5",
                "sha256:80ffa04fe8c8dfacf6e4cef8277347d35b0442c581f5814f3b0cf41b65c43c6e",
                "sha256:813871f961edea6cb2fe312f2d9b27d12a51ba92545380126f80d0de1917ea15",
                "sha256:94505026be56652d7a530ab03d89474dc6021019d6b8682281977163b3471ea0",
                "sha256:a23166e5ae2775709cf4f7ad4c2048755ebfb272767d244e1a96d55ac775cca7",
                "sha256:a289c27ccae399a70eacf32df9a44059ca2ba4ac444604b00a19a6c1f0809943",
                "sha256:a7594f9a010cdf1e16a58b3bf26c9da39bbf663e3b8d46d39176999d71816658",
                "sha256:b08d00d889a118f68f37f3c43e359aab24ee29eb2e3fe96d64c6a2ba8b9d6557",
                "sha256:cc9be041e428c10f8b6ab358c6b393648f9457094e1dcc11b4906026d43cd380",
                "sha256:d5682eeb10cca0606c4a8286a3391d4c3c5a36f0c448e71b8bd05be4e1694bfb",
                "sha256:fd3b8905e21431ad306eeaf56644a68fdd621bf8f3097eff54d0f6bdf7262065"
            ],
            "version": "==0.2.0"
        },
        "httpx": {
            "extras": [
                "http2"
            ],
            "hashes": [
                "sha256:979afafecb7d22a1d10340bafb403cf2cb75aff214426ff206521fc79d26408c",
                "sha256:9f99c15d33642d38bce8405df088c1c4cfd940284b4290cacbfb02e64f4877c6"
            ],
            "index": "pypi",
            "version": "==0.18.2"
        },
        "hyperframe": {
            "hashes": [
                "sha256:5187962cb16dcc078f23cb5a4b110098d546c3f41ff2d4038a9896893bbd0b40",
                "sha256:a9f5c17f2cc3c719b917c4f33ed1c61bd1f8dfac4b1bd23b7c80b3400971b41f"
            ],
            "version": "==5.2.0"
        },
        "idna": {
            "hashes": [
                "sha256:14475042e284991034cb48e06f6851428fb14c4dc953acd9be9a5e95c7b6dd7a",
                "sha256:467fbad99067910785144ce333826c71fb0e63a425657295239737f7ecd125f3"
            ],
            "version": "==3.2"
        },
        "jinja2": {
            "hashes": [
                "sha256:1f06f2da51e7b56b8f238affdd6b4e2c61e39598a378cc49345bc1bd42a978a4",
                "sha256:703f484b47a6af502e743c9122595cc812b0271f661722403114f71a79d0f5a4"
            ],
            "markers": "python_version >= '3.6'",
            "version": "==3.0.1"
        },
        "jinjasql": {
            "hashes": [
                "sha256:4e105465a748b1468571f40efdfea100886a776d8697ab1497d573a93430ea2a",
                "sha256:5ba8fc1ce0c037da0b3e122d4bbc7b8fd47e1fa73ec72ef72c4c495f81f042a1"
            ],
            "index": "pypi",
            "version": "==0.1.8"
        },
        "kafka-python": {
            "hashes": [
                "sha256:04dfe7fea2b63726cd6f3e79a2d86e709d608d74406638c5da33a01d45a9d7e3",
                "sha256:2d92418c7cb1c298fa6c7f0fb3519b520d0d7526ac6cb7ae2a4fc65a51a94b6e"
            ],
            "index": "pypi",
            "version": "==2.0.2"
        },
        "leb128": {
            "hashes": [
                "sha256:3552deeae400b835f86e0d32eb7c737a75eb167c0eb551b70268d522633581af"
            ],
            "version": "==1.0.4"
        },
        "lz4": {
            "hashes": [
                "sha256:081ef0a3b5941cb03127f314229a1c78bd70c9c220bb3f4dd80033e707feaa18",
                "sha256:0a3b7eeb879577f2c7c0872156c70f4ddfbb023c1198e33d54422e24fa5494ae",
                "sha256:0acbc2b797fe3c51917011c8d7f6c99398ae33cc4a1ca23c3a246d60bbf56fc8",
                "sha256:0f889e854114f87b5f99e8c82c9bf85417468b291b99a2cb27bcdcc864841a33",
                "sha256:19d3b8dca0c18991ee243acf86932eb917f14e2e61dd34c7852a1088659d5499",
                "sha256:1f8320b7b047ec4ba9a7de3509a067ccaac84dab2cadf629d0518760594c3b6a",
                "sha256:37c23ca41040751649e0266f9f267c0148db12968a0a031272ee2a99cef7c753",
                "sha256:38266a6fa124e3ec2ce3ed6fd34f8e86b13c588f12b005873421afb295caee2d",
                "sha256:3c00b56fd9aef8d3f776653c92cec262d42b6ea144e9a41b58b8c22a85f90045",
                "sha256:408b2c1b65697d9bc6468c987977314acefc71573b996bd86190053ae7ffe8d1",
                "sha256:41a388a34eab3cca6180cdb179bd8fdfcf7fd1a569f0e9e6084ad0540a0d53a9",
                "sha256:4c3558f4b98adb7acee6f4b45edd848684daae6a92a5ff31f8071eb910779568",
                "sha256:502d6dc17aca64e4dc95d6e7920dca906b5eabc1e657213bd07066c97fbc8cd3",
                "sha256:511c755d89048a2583ab88088fe451f7e3f15cde30560c058d80c9ac097dab21",
                "sha256:57dbd50d6abeb85f8d273b9f24f0063c4b97aae07d267302101884611a2413da",
                "sha256:57e5b0a818addacae254b9160a183122b6bc4737bc77c988b72e1c57bd22ed9e",
                "sha256:5aa4dd12debc5cb90980e6bb26be8b1586e57b87aaf6c773b9b799bca16edd99",
                "sha256:71f6f4dc48669ba3807a5cb5876048dc9b6467c3db312acf2040a61ea9487161",
                "sha256:7cf0e6e1020dbf8ea72ff57ece3f321f603cfa54f14337b96f7b68a7c1a742b4",
                "sha256:81b54fc66555fc7653467bf5b789d0e480ab88d17c858405e326d9c898baff2e",
                "sha256:869734b6f0e8a19af10a75c769db179dcd3d867e29c29b3808ef884e76799071",
                "sha256:af1bc2952214c5a3ec6706cb86bd3e321570c62136539d32e4a57da777b002f0",
                "sha256:b4b56ae630a41980b6cf17a043b57691ff1f1677425b67556453fd96257b2a9b",
                "sha256:b91fbc9571d3f3fea587ce541f38a2e71ef192075b59c2846182cb98f99862a0",
                "sha256:c0a5f9b6962aaa4632e4385143a12f5b49ee8605a42589073e54c8f23ce111b2",
                "sha256:c25dffdb8ab9eb449aacf94ba45b3e6f573b38a1041be9370716cc68dea445a6",
                "sha256:c41759a97ccac751f69e48f12671c2c3e5e1ae3000d3ee5dfe750b31511d1576",
                "sha256:d50c9584fb355d5d51414b802f7012578240bcb259550b48de628e19cd5bff6c",
                "sha256:d6afa929d2c8afafd8b89e898498484b145a94cf3c140bb68094a94590ab2c2a",
                "sha256:de2aac0cfda79c5a3eda9dbed21d78dc05c4a9ac00061748c3b57ea0e4a0b6a8",
                "sha256:e3029738e64a0af1b04a32a39b32b0bba0e2088f61805e074c9a7e4bc212568f"
            ],
            "markers": "python_version >= '3.5'",
            "version": "==3.1.3"
        },
        "markupsafe": {
            "hashes": [
                "sha256:01a9b8ea66f1658938f65b93a85ebe8bc016e6769611be228d797c9d998dd298",
                "sha256:023cb26ec21ece8dc3907c0e8320058b2e0cb3c55cf9564da612bc325bed5e64",
                "sha256:0446679737af14f45767963a1a9ef7620189912317d095f2d9ffa183a4d25d2b",
                "sha256:0717a7390a68be14b8c793ba258e075c6f4ca819f15edfc2a3a027c823718567",
                "sha256:0955295dd5eec6cb6cc2fe1698f4c6d84af2e92de33fbcac4111913cd100a6ff",
                "sha256:10f82115e21dc0dfec9ab5c0223652f7197feb168c940f3ef61563fc2d6beb74",
                "sha256:1d609f577dc6e1aa17d746f8bd3c31aa4d258f4070d61b2aa5c4166c1539de35",
                "sha256:2ef54abee730b502252bcdf31b10dacb0a416229b72c18b19e24a4509f273d26",
                "sha256:3c112550557578c26af18a1ccc9e090bfe03832ae994343cfdacd287db6a6ae7",
                "sha256:47ab1e7b91c098ab893b828deafa1203de86d0bc6ab587b160f78fe6c4011f75",
                "sha256:49e3ceeabbfb9d66c3aef5af3a60cc43b85c33df25ce03d0031a608b0a8b2e3f",
                "sha256:4efca8f86c54b22348a5467704e3fec767b2db12fc39c6d963168ab1d3fc9135",
                "sha256:53edb4da6925ad13c07b6d26c2a852bd81e364f95301c66e930ab2aef5b5ddd8",
                "sha256:594c67807fb16238b30c44bdf74f36c02cdf22d1c8cda91ef8a0ed8dabf5620a",
                "sha256:611d1ad9a4288cf3e3c16014564df047fe08410e628f89805e475368bd304914",
                "sha256:6557b31b5e2c9ddf0de32a691f2312a32f77cd7681d8af66c2692efdbef84c18",
                "sha256:693ce3f9e70a6cf7d2fb9e6c9d8b204b6b39897a2c4a1aa65728d5ac97dcc1d8",
                "sha256:6a7fae0dd14cf60ad5ff42baa2e95727c3d81ded453457771d02b7d2b3f9c0c2",
                "sha256:6c4ca60fa24e85fe25b912b01e62cb969d69a23a5d5867682dd3e80b5b02581d",
                "sha256:7d91275b0245b1da4d4cfa07e0faedd5b0812efc15b702576d103293e252af1b",
                "sha256:905fec760bd2fa1388bb5b489ee8ee5f7291d692638ea5f67982d968366bef9f",
                "sha256:97383d78eb34da7e1fa37dd273c20ad4320929af65d156e35a5e2d89566d9dfb",
                "sha256:984d76483eb32f1bcb536dc27e4ad56bba4baa70be32fa87152832cdd9db0833",
                "sha256:a30e67a65b53ea0a5e62fe23682cfe22712e01f453b95233b25502f7c61cb415",
                "sha256:ab3ef638ace319fa26553db0624c4699e31a28bb2a835c5faca8f8acf6a5a902",
                "sha256:b2f4bf27480f5e5e8ce285a8c8fd176c0b03e93dcc6646477d4630e83440c6a9",
                "sha256:b7f2d075102dc8c794cbde1947378051c4e5180d52d276987b8d28a3bd58c17d",
                "sha256:be98f628055368795d818ebf93da628541e10b75b41c559fdf36d104c5787066",
                "sha256:d7f9850398e85aba693bb640262d3611788b1f29a79f0c93c565694658f4071f",
                "sha256:f5653a225f31e113b152e56f154ccbe59eeb1c7487b39b9d9f9cdb58e6c79dc5",
                "sha256:f826e31d18b516f653fe296d967d700fddad5901ae07c622bb3705955e1faa94",
                "sha256:f8ba0e8349a38d3001fae7eadded3f6606f0da5d748ee53cc1dab1d6527b9509",
                "sha256:f9081981fe268bd86831e5c75f7de206ef275defcb82bc70740ae6dc507aee51",
                "sha256:fa130dd50c57d53368c9d59395cb5526eda596d3ffe36666cd81a44d56e48872"
            ],
            "markers": "python_version >= '3.6'",
            "version": "==2.0.1"
        },
        "orjson": {
            "hashes": [
                "sha256:0b2a0f926a05ebe3f90da6aaff406f0ab1507d6fc6c5e2202a84fc64d2d0f167",
                "sha256:12f45867b0de52487ce2d739cb7f0d7a912ddec897a9fd1781173285e66334d0",
                "sha256:2ab6607a104efba1ed8994095c417555712a727290426249961bb75deef80d7e",
                "sha256:432cd966bae77956e26ecc8f6c6ac9bbd2d108593c70f388305c3cb1990a1614",
                "sha256:486cf365bae0a0b6a3a7d0920519be4c0c293d8ddaa3882eb2a06253c427c1fa",
                "sha256:48e93a1297f5021457c50cbeca72ef763fb481509c8d10b1eae41e6aa7350173",
                "sha256:4c91dcc78a1e9022f8b08a20dca7e3b517582173e468a04193f0309025910496",
                "sha256:50e97976f6a94076c0f99efb05782ea102c64e4d392160ba44bd519d5324185e",
                "sha256:57d38172b3b010efa5d2bd83df612353028570fc3fc5cecba743df98624c43bf",
                "sha256:5d39eea5bb3387e0dda3035bc7befca9e54cd707c636e9831b8814db1569d3c3",
                "sha256:66dba60d015396391012beeb1543cb78b16b96e7ceb0045cddac03c08cdea6fa",
                "sha256:6844fb152d9449405fb4f9f930d1ae98a893539025b22f3b22b8a85b6c86edce",
                "sha256:751858f4b22e43d2a68df876b414ec2a988ceef326f520b372f5695b3937b533",
                "sha256:7ab65d949318c13111432d222f2bad7e1990f482fb80c0704edf3b5c419d3a8b",
                "sha256:872eae46544f47fd94ee8f433496a428bf170fb41fbacfe72cd3a15af55ecfff",
                "sha256:945143f8e88c57cf105418c882c8dd998bac24a4425dc17b7ea2fcf3c8edeedc",
                "sha256:ab65e7f1f5fa3bf45cac52579e481cc5f67af70539b1f2d806ce58e8907bee8b",
                "sha256:b76528ae585c7de70f466f8cc60798507c7b2ce1f15a6bb127de68b5ebfb8e42",
                "sha256:cc687744ee2707ac68467273c4bf371b4c73c50c412bd0053ae8357ad380884e",
                "sha256:d2e5b550981843d5737e76b773e0ab0a8f10c6a519aadd0f1edc66b3362afd9c",
                "sha256:d94f490da4e2f2f31e21acd1df8d6b2a8ee37e9872ef81b5a50e94c35d8f8c25",
                "sha256:ea9657b3662105180a959b25368b7309827133aef3df7ef2bdd18aebdc1edec2",
                "sha256:f4ef393053ef9d928def45468f84b8a850624c25e6960285b97ab5cfe03d5e45",
                "sha256:ff518ad10adf5fdefe20e1098b55710d73ac6774bd6840e6edb2a3b55d640240"
            ],
            "index": "pypi",
            "version": "==3.5.4"
        },
        "pydantic": {
            "hashes": [
                "sha256:021ea0e4133e8c824775a0cfe098677acf6fa5a3cbf9206a376eed3fc09302cd",
                "sha256:05ddfd37c1720c392f4e0d43c484217b7521558302e7069ce8d318438d297739",
                "sha256:05ef5246a7ffd2ce12a619cbb29f3307b7c4509307b1b49f456657b43529dc6f",
                "sha256:10e5622224245941efc193ad1d159887872776df7a8fd592ed746aa25d071840",
                "sha256:18b5ea242dd3e62dbf89b2b0ec9ba6c7b5abaf6af85b95a97b00279f65845a23",
                "sha256:234a6c19f1c14e25e362cb05c68afb7f183eb931dd3cd4605eafff055ebbf287",
                "sha256:244ad78eeb388a43b0c927e74d3af78008e944074b7d0f4f696ddd5b2af43c62",
                "sha256:26464e57ccaafe72b7ad156fdaa4e9b9ef051f69e175dbbb463283000c05ab7b",
                "sha256:41b542c0b3c42dc17da70554bc6f38cbc30d7066d2c2815a94499b5684582ecb",
                "sha256:4a03cbbe743e9c7247ceae6f0d8898f7a64bb65800a45cbdc52d65e370570820",
                "sha256:4be75bebf676a5f0f87937c6ddb061fa39cbea067240d98e298508c1bda6f3f3",
                "sha256:54cd5121383f4a461ff7644c7ca20c0419d58052db70d8791eacbbe31528916b",
                "sha256:589eb6cd6361e8ac341db97602eb7f354551482368a37f4fd086c0733548308e",
                "sha256:8621559dcf5afacf0069ed194278f35c255dc1a1385c28b32dd6c110fd6531b3",
                "sha256:8b223557f9510cf0bfd8b01316bf6dd281cf41826607eada99662f5e4963f316",
                "sha256:99a9fc39470010c45c161a1dc584997f1feb13f689ecf645f59bb4ba623e586b",
                "sha256:a7c6002203fe2c5a1b5cbb141bb85060cbff88c2d78eccbc72d97eb7022c43e4",
                "sha256:a83db7205f60c6a86f2c44a61791d993dff4b73135df1973ecd9eed5ea0bda20",
                "sha256:ac8eed4ca3bd3aadc58a13c2aa93cd8a884bcf21cb019f8cfecaae3b6ce3746e",
                "sha256:e710876437bc07bd414ff453ac8ec63d219e7690128d925c6e82889d674bb505",
                "sha256:ea5cb40a3b23b3265f6325727ddfc45141b08ed665458be8c6285e7b85bd73a1",
                "sha256:fec866a0b59f372b7e776f2d7308511784dace622e0992a0b59ea3ccee0ae833"
            ],
            "markers": "python_full_version >= '3.6.1'",
            "version": "==1.8.2"
        },
        "python-dotenv": {
            "hashes": [
                "sha256:dd8fe852847f4fbfadabf6183ddd4c824a9651f02d51714fa075c95561959c7d",
                "sha256:effaac3c1e58d89b3ccb4d04a40dc7ad6e0275fda25fd75ae9d323e2465e202d"
            ],
            "version": "==0.18.0"
        },
        "pytz": {
            "hashes": [
                "sha256:83a4a90894bf38e243cf052c8b58f381bfe9a7a483f6a9cab140bc7f702ac4da",
                "sha256:eb10ce3e7736052ed3623d49975ce333bcd712c7bb19a58b9e2089d4057d0798"
            ],
            "version": "==2021.1"
        },
        "pyyaml": {
            "hashes": [
                "sha256:08682f6b72c722394747bddaf0aa62277e02557c0fd1c42cb853016a38f8dedf",
                "sha256:0f5f5786c0e09baddcd8b4b45f20a7b5d61a7e7e99846e3c799b05c7c53fa696",
                "sha256:129def1b7c1bf22faffd67b8f3724645203b79d8f4cc81f674654d9902cb4393",
                "sha256:294db365efa064d00b8d1ef65d8ea2c3426ac366c0c4368d930bf1c5fb497f77",
                "sha256:3b2b1824fe7112845700f815ff6a489360226a5609b96ec2190a45e62a9fc922",
                "sha256:3bd0e463264cf257d1ffd2e40223b197271046d09dadf73a0fe82b9c1fc385a5",
                "sha256:4465124ef1b18d9ace298060f4eccc64b0850899ac4ac53294547536533800c8",
                "sha256:49d4cdd9065b9b6e206d0595fee27a96b5dd22618e7520c33204a4a3239d5b10",
                "sha256:4e0583d24c881e14342eaf4ec5fbc97f934b999a6828693a99157fde912540cc",
                "sha256:5accb17103e43963b80e6f837831f38d314a0495500067cb25afab2e8d7a4018",
                "sha256:607774cbba28732bfa802b54baa7484215f530991055bb562efbed5b2f20a45e",
                "sha256:6c78645d400265a062508ae399b60b8c167bf003db364ecb26dcab2bda048253",
                "sha256:72a01f726a9c7851ca9bfad6fd09ca4e090a023c00945ea05ba1638c09dc3347",
                "sha256:74c1485f7707cf707a7aef42ef6322b8f97921bd89be2ab6317fd782c2d53183",
                "sha256:895f61ef02e8fed38159bb70f7e100e00f471eae2bc838cd0f4ebb21e28f8541",
                "sha256:8c1be557ee92a20f184922c7b6424e8ab6691788e6d86137c5d93c1a6ec1b8fb",
                "sha256:bb4191dfc9306777bc594117aee052446b3fa88737cd13b7188d0e7aa8162185",
                "sha256:bfb51918d4ff3d77c1c856a9699f8492c612cde32fd3bcd344af9be34999bfdc",
                "sha256:c20cfa2d49991c8b4147af39859b167664f2ad4561704ee74c1de03318e898db",
                "sha256:cb333c16912324fd5f769fff6bc5de372e9e7a202247b48870bc251ed40239aa",
                "sha256:d2d9808ea7b4af864f35ea216be506ecec180628aced0704e34aca0b040ffe46",
                "sha256:d483ad4e639292c90170eb6f7783ad19490e7a8defb3e46f97dfe4bacae89122",
                "sha256:dd5de0646207f053eb0d6c74ae45ba98c3395a571a2891858e87df7c9b9bd51b",
                "sha256:e1d4970ea66be07ae37a3c2e48b5ec63f7ba6804bdddfdbd3cfd954d25a82e63",
                "sha256:e4fac90784481d221a8e4b1162afa7c47ed953be40d31ab4629ae917510051df",
                "sha256:fa5ae20527d8e831e8230cbffd9f8fe952815b2b7dae6ffec25318803a7528fc",
                "sha256:fd7f6999a8070df521b6384004ef42833b9bd62cfee11a09bda1079b4b704247",
                "sha256:fdc842473cd33f45ff6bce46aea678a54e3d21f1b61a7750ce3c498eedfe25d6",
                "sha256:fe69978f3f768926cfa37b867e3843918e012cf83f680806599ddce33c2c68b0"
            ],
            "version": "==5.4.1"
        },
        "rfc3986": {
            "extras": [
                "idna2008"
            ],
            "hashes": [
                "sha256:270aaf10d87d0d4e095063c65bf3ddbc6ee3d0b226328ce21e036f946e421835",
                "sha256:a86d6e1f5b1dc238b218b012df0aa79409667bb209e58da56d0b94704e712a97"
            ],
            "version": "==1.5.0"
        },
        "sniffio": {
            "hashes": [
                "sha256:471b71698eac1c2112a40ce2752bb2f4a4814c22a54a3eed3676bc0f5ca9f663",
                "sha256:c4666eecec1d3f50960c6bdf61ab7bc350648da6c126e3cf6898d8cd4ddcd3de"
            ],
            "markers": "python_version >= '3.5'",
            "version": "==1.2.0"
        },
        "starlette": {
            "hashes": [
                "sha256:3c8e48e52736b3161e34c9f0e8153b4f32ec5d8995a3ee1d59410d92f75162ed",
                "sha256:7d49f4a27f8742262ef1470608c59ddbc66baf37c148e938c7038e6bc7a998aa"
            ],
            "markers": "python_version >= '3.6'",
            "version": "==0.14.2"
        },
        "typing-extensions": {
            "hashes": [
                "sha256:0ac0f89795dd19de6b97debb0c6af1c70987fd80a2d62d1958f7e56fcc31b497",
                "sha256:50b6f157849174217d0656f99dc82fe932884fb250826c18350e159ec6cdf342",
                "sha256:779383f6086d90c99ae41cf0ff39aac8a7937a9283ce0a414e5dd782f4c94a84"
            ],
            "version": "==3.10.0.0"
        },
        "tzlocal": {
            "hashes": [
                "sha256:643c97c5294aedc737780a49d9df30889321cbe1204eac2c2ec6134035a92e44",
                "sha256:e2cb6c6b5b604af38597403e9852872d7f534962ae2954c7f35efcb1ccacf4a4"
            ],
            "version": "==2.1"
        },
        "uvicorn": {
            "extras": [
                "standard"
            ],
            "hashes": [
                "sha256:2a76bb359171a504b3d1c853409af3adbfa5cef374a4a59e5881945a97a93eae",
                "sha256:45ad7dfaaa7d55cab4cd1e85e03f27e9d60bc067ddc59db52a2b0aeca8870292"
            ],
            "index": "pypi",
            "version": "==0.14.0"
        },
        "uvloop": {
            "hashes": [
                "sha256:114543c84e95df1b4ff546e6e3a27521580466a30127f12172a3278172ad68bc",
                "sha256:19fa1d56c91341318ac5d417e7b61c56e9a41183946cc70c411341173de02c69",
                "sha256:2bb0624a8a70834e54dde8feed62ed63b50bad7a1265c40d6403a2ac447bce01",
                "sha256:42eda9f525a208fbc4f7cecd00fa15c57cc57646c76632b3ba2fe005004f051d",
                "sha256:44cac8575bf168601424302045234d74e3561fbdbac39b2b54cc1d1d00b70760",
                "sha256:6de130d0cb78985a5d080e323b86c5ecaf3af82f4890492c05981707852f983c",
                "sha256:7ae39b11a5f4cec1432d706c21ecc62f9e04d116883178b09671aa29c46f7a47",
                "sha256:90e56f17755e41b425ad19a08c41dc358fa7bf1226c0f8e54d4d02d556f7af7c",
                "sha256:b45218c99795803fb8bdbc9435ff7f54e3a591b44cd4c121b02fa83affb61c7c",
                "sha256:e5e5f855c9bf483ee6cd1eb9a179b740de80cb0ae2988e3fa22309b78e2ea0e7"
            ],
            "version": "==0.15.2"
        },
        "watchgod": {
            "hashes": [
                "sha256:48140d62b0ebe9dd9cf8381337f06351e1f2e70b2203fa9c6eff4e572ca84f29",
                "sha256:d6c1ea21df37847ac0537ca0d6c2f4cdf513562e95f77bb93abbcf05573407b7"
            ],
            "version": "==0.7"
        },
        "websockets": {
            "hashes": [
                "sha256:0dd4eb8e0bbf365d6f652711ce21b8fd2b596f873d32aabb0fbb53ec604418cc",
                "sha256:1d0971cc7251aeff955aa742ec541ee8aaea4bb2ebf0245748fbec62f744a37e",
                "sha256:1d6b4fddb12ab9adf87b843cd4316c4bd602db8d5efd2fb83147f0458fe85135",
                "sha256:230a3506df6b5f446fed2398e58dcaafdff12d67fe1397dff196411a9e820d02",
                "sha256:276d2339ebf0df4f45df453923ebd2270b87900eda5dfd4a6b0cfa15f82111c3",
                "sha256:2cf04601633a4ec176b9cc3d3e73789c037641001dbfaf7c411f89cd3e04fcaf",
                "sha256:3ddff38894c7857c476feb3538dd847514379d6dc844961dc99f04b0384b1b1b",
                "sha256:48c222feb3ced18f3dc61168ca18952a22fb88e5eb8902d2bf1b50faefdc34a2",
                "sha256:51d04df04ed9d08077d10ccbe21e6805791b78eac49d16d30a1f1fe2e44ba0af",
                "sha256:597c28f3aa7a09e8c070a86b03107094ee5cdafcc0d55f2f2eac92faac8dc67d",
                "sha256:5c8f0d82ea2468282e08b0cf5307f3ad022290ed50c45d5cb7767957ca782880",
                "sha256:7189e51955f9268b2bdd6cc537e0faa06f8fffda7fb386e5922c6391de51b077",
                "sha256:7df3596838b2a0c07c6f6d67752c53859a54993d4f062689fdf547cb56d0f84f",
                "sha256:826ccf85d4514609219725ba4a7abd569228c2c9f1968e8be05be366f68291ec",
                "sha256:836d14eb53b500fd92bd5db2fc5894f7c72b634f9c2a28f546f75967503d8e25",
                "sha256:85db8090ba94e22d964498a47fdd933b8875a1add6ebc514c7ac8703eb97bbf0",
                "sha256:85e701a6c316b7067f1e8675c638036a796fe5116783a4c932e7eb8e305a3ffe",
                "sha256:900589e19200be76dd7cbaa95e9771605b5ce3f62512d039fb3bc5da9014912a",
                "sha256:9147868bb0cc01e6846606cd65cbf9c58598f187b96d14dd1ca17338b08793bb",
                "sha256:9e7fdc775fe7403dbd8bc883ba59576a6232eac96dacb56512daacf7af5d618d",
                "sha256:ab5ee15d3462198c794c49ccd31773d8a2b8c17d622aa184f669d2b98c2f0857",
                "sha256:ad893d889bc700a5835e0a95a3e4f2c39e91577ab232a3dc03c262a0f8fc4b5c",
                "sha256:b2e71c4670ebe1067fa8632f0d081e47254ee2d3d409de54168b43b0ba9147e0",
                "sha256:b43b13e5622c5a53ab12f3272e6f42f1ce37cd5b6684b2676cb365403295cd40",
                "sha256:b4ad84b156cf50529b8ac5cc1638c2cf8680490e3fccb6121316c8c02620a2e4",
                "sha256:be5fd35e99970518547edc906efab29afd392319f020c3c58b0e1a158e16ed20",
                "sha256:caa68c95bc1776d3521f81eeb4d5b9438be92514ec2a79fececda814099c8314",
                "sha256:d144b350045c53c8ff09aa1cfa955012dd32f00c7e0862c199edcabb1a8b32da",
                "sha256:d2c2d9b24d3c65b5a02cac12cbb4e4194e590314519ed49db2f67ef561c3cf58",
                "sha256:e9e5fd6dbdf95d99bc03732ded1fc8ef22ebbc05999ac7e0c7bf57fe6e4e5ae2",
                "sha256:ebf459a1c069f9866d8569439c06193c586e72c9330db1390af7c6a0a32c4afd",
                "sha256:f31722f1c033c198aa4a39a01905951c00bd1c74f922e8afc1b1c62adbcdd56a",
                "sha256:f68c352a68e5fdf1e97288d5cec9296664c590c25932a8476224124aaf90dbcd"
            ],
            "version": "==9.1"
        },
        "zstd": {
            "hashes": [
                "sha256:8d3388a15135c481b28ca67d079cb5fd79a9691626fd9979e6b4ec00eabb9e79"
            ],
            "version": "==1.5.0.2"
        }
    },
    "develop": {
        "appdirs": {
            "hashes": [
                "sha256:7d5d0167b2b1ba821647616af46a749d1c653740dd0d2415100fe26e27afdf41",
                "sha256:a841dacd6b99318a741b166adb07e19ee71a274450e68237b4650ca1055ab128"
            ],
            "version": "==1.4.4"
        },
        "attrs": {
            "hashes": [
                "sha256:149e90d6d8ac20db7a955ad60cf0e6881a3f20d37096140088356da6c716b0b1",
                "sha256:ef6aaac3ca6cd92904cdd0d83f629a15f18053ec84e6432106f7a4d04ae4f5fb"
            ],
            "markers": "python_version >= '2.7' and python_version not in '3.0, 3.1, 3.2, 3.3, 3.4'",
            "version": "==21.2.0"
        },
        "black": {
            "hashes": [
                "sha256:dc132348a88d103016726fe360cb9ede02cecf99b76e3660ce6c596be132ce04",
                "sha256:dfb8c5a069012b2ab1e972e7b908f5fb42b6bbabcba0a788b86dc05067c7d9c7"
            ],
            "index": "pypi",
            "version": "==21.6b0"
        },
        "click": {
            "hashes": [
                "sha256:8c04c11192119b1ef78ea049e0a6f0463e4c48ef00a30160c704337586f3ad7a",
                "sha256:fba402a4a47334742d782209a7c79bc448911afe1149d07bdabdf480b3e2f4b6"
            ],
            "markers": "python_version >= '3.6'",
            "version": "==8.0.1"
        },
        "iniconfig": {
            "hashes": [
                "sha256:011e24c64b7f47f6ebd835bb12a743f2fbe9a26d4cecaa7f53bc4f35ee9da8b3",
                "sha256:bc3af051d7d14b2ee5ef9969666def0cd1a000e121eaea580d4a313df4b37f32"
            ],
            "version": "==1.1.1"
        },
        "mypy-extensions": {
            "hashes": [
                "sha256:090fedd75945a69ae91ce1303b5824f428daf5a028d2f6ab8a299250a846f15d",
                "sha256:2d82818f5bb3e369420cb3c4060a7970edba416647068eb4c5343488a6c604a8"
            ],
            "version": "==0.4.3"
        },
        "packaging": {
            "hashes": [
                "sha256:5b327ac1320dc863dca72f4514ecc086f31186744b84a230374cc1fd776feae5",
                "sha256:67714da7f7bc052e064859c05c595155bd1ee9f69f76557e21f051443c20947a"
            ],
            "markers": "python_version >= '2.7' and python_version not in '3.0, 3.1, 3.2, 3.3'",
            "version": "==20.9"
        },
        "pathspec": {
            "hashes": [
                "sha256:86379d6b86d75816baba717e64b1a3a3469deb93bb76d613c9ce79edc5cb68fd",
                "sha256:aa0cb481c4041bf52ffa7b0d8fa6cd3e88a2ca4879c533c9153882ee2556790d"
            ],
            "version": "==0.8.1"
        },
        "pluggy": {
            "hashes": [
                "sha256:15b2acde666561e1298d71b523007ed7364de07029219b604cf808bfa1c765b0",
                "sha256:966c145cd83c96502c3c3868f50408687b38434af77734af1e9ca461a4081d2d"
            ],
            "markers": "python_version >= '2.7' and python_version not in '3.0, 3.1, 3.2, 3.3'",
            "version": "==0.13.1"
        },
        "py": {
            "hashes": [
                "sha256:21b81bda15b66ef5e1a777a21c4dcd9c20ad3efd0b3f817e7a809035269e1bd3",
                "sha256:3b80836aa6d1feeaa108e046da6423ab8f6ceda6468545ae8d02d9d58d18818a"
            ],
            "markers": "python_version >= '2.7' and python_version not in '3.0, 3.1, 3.2, 3.3'",
            "version": "==1.10.0"
        },
        "pyparsing": {
            "hashes": [
                "sha256:c203ec8783bf771a155b207279b9bccb8dea02d8f0c9e5f8ead507bc3246ecc1",
                "sha256:ef9d7589ef3c200abe66653d3f1ab1033c3c419ae9b9bdb1240a85b024efc88b"
            ],
            "markers": "python_version >= '2.6' and python_version not in '3.0, 3.1, 3.2, 3.3'",
            "version": "==2.4.7"
        },
        "pytest": {
            "hashes": [
                "sha256:50bcad0a0b9c5a72c8e4e7c9855a3ad496ca6a881a3641b4260605450772c54b",
                "sha256:91ef2131a9bd6be8f76f1f08eac5c5317221d6ad1e143ae03894b862e8976890"
            ],
            "markers": "python_version >= '3.6'",
            "version": "==6.2.4"
        },
        "pytest-asyncio": {
            "hashes": [
                "sha256:2564ceb9612bbd560d19ca4b41347b54e7835c2f792c504f698e05395ed63f6f",
                "sha256:3042bcdf1c5d978f6b74d96a151c4cfb9dcece65006198389ccd7e6c60eb1eea"
            ],
            "index": "pypi",
            "version": "==0.15.1"
        },
        "regex": {
            "hashes": [
                "sha256:01afaf2ec48e196ba91b37451aa353cb7eda77efe518e481707e0515025f0cd5",
                "sha256:11d773d75fa650cd36f68d7ca936e3c7afaae41b863b8c387a22aaa78d3c5c79",
                "sha256:18c071c3eb09c30a264879f0d310d37fe5d3a3111662438889ae2eb6fc570c31",
                "sha256:1e1c20e29358165242928c2de1482fb2cf4ea54a6a6dea2bd7a0e0d8ee321500",
                "sha256:281d2fd05555079448537fe108d79eb031b403dac622621c78944c235f3fcf11",
                "sha256:314d66636c494ed9c148a42731b3834496cc9a2c4251b1661e40936814542b14",
                "sha256:32e65442138b7b76dd8173ffa2cf67356b7bc1768851dded39a7a13bf9223da3",
                "sha256:339456e7d8c06dd36a22e451d58ef72cef293112b559010db3d054d5560ef439",
                "sha256:3916d08be28a1149fb97f7728fca1f7c15d309a9f9682d89d79db75d5e52091c",
                "sha256:3a9cd17e6e5c7eb328517969e0cb0c3d31fd329298dd0c04af99ebf42e904f82",
                "sha256:47bf5bf60cf04d72bf6055ae5927a0bd9016096bf3d742fa50d9bf9f45aa0711",
                "sha256:4c46e22a0933dd783467cf32b3516299fb98cfebd895817d685130cc50cd1093",
                "sha256:4c557a7b470908b1712fe27fb1ef20772b78079808c87d20a90d051660b1d69a",
                "sha256:52ba3d3f9b942c49d7e4bc105bb28551c44065f139a65062ab7912bef10c9afb",
                "sha256:563085e55b0d4fb8f746f6a335893bda5c2cef43b2f0258fe1020ab1dd874df8",
                "sha256:598585c9f0af8374c28edd609eb291b5726d7cbce16be6a8b95aa074d252ee17",
                "sha256:619d71c59a78b84d7f18891fe914446d07edd48dc8328c8e149cbe0929b4e000",
                "sha256:67bdb9702427ceddc6ef3dc382455e90f785af4c13d495f9626861763ee13f9d",
                "sha256:6d1b01031dedf2503631d0903cb563743f397ccaf6607a5e3b19a3d76fc10480",
                "sha256:741a9647fcf2e45f3a1cf0e24f5e17febf3efe8d4ba1281dcc3aa0459ef424dc",
                "sha256:7c2a1af393fcc09e898beba5dd59196edaa3116191cc7257f9224beaed3e1aa0",
                "sha256:7d9884d86dd4dd489e981d94a65cd30d6f07203d90e98f6f657f05170f6324c9",
                "sha256:90f11ff637fe8798933fb29f5ae1148c978cccb0452005bf4c69e13db951e765",
                "sha256:919859aa909429fb5aa9cf8807f6045592c85ef56fdd30a9a3747e513db2536e",
                "sha256:96fcd1888ab4d03adfc9303a7b3c0bd78c5412b2bfbe76db5b56d9eae004907a",
                "sha256:97f29f57d5b84e73fbaf99ab3e26134e6687348e95ef6b48cfd2c06807005a07",
                "sha256:980d7be47c84979d9136328d882f67ec5e50008681d94ecc8afa8a65ed1f4a6f",
                "sha256:a91aa8619b23b79bcbeb37abe286f2f408d2f2d6f29a17237afda55bb54e7aac",
                "sha256:ade17eb5d643b7fead300a1641e9f45401c98eee23763e9ed66a43f92f20b4a7",
                "sha256:b9c3db21af35e3b3c05764461b262d6f05bbca08a71a7849fd79d47ba7bc33ed",
                "sha256:bd28bc2e3a772acbb07787c6308e00d9626ff89e3bfcdebe87fa5afbfdedf968",
                "sha256:bf5824bfac591ddb2c1f0a5f4ab72da28994548c708d2191e3b87dd207eb3ad7",
                "sha256:c0502c0fadef0d23b128605d69b58edb2c681c25d44574fc673b0e52dce71ee2",
                "sha256:c38c71df845e2aabb7fb0b920d11a1b5ac8526005e533a8920aea97efb8ec6a4",
                "sha256:ce15b6d103daff8e9fee13cf7f0add05245a05d866e73926c358e871221eae87",
                "sha256:d3029c340cfbb3ac0a71798100ccc13b97dddf373a4ae56b6a72cf70dfd53bc8",
                "sha256:e512d8ef5ad7b898cdb2d8ee1cb09a8339e4f8be706d27eaa180c2f177248a10",
                "sha256:e8e5b509d5c2ff12f8418006d5a90e9436766133b564db0abaec92fd27fcee29",
                "sha256:ee54ff27bf0afaf4c3b3a62bcd016c12c3fdb4ec4f413391a90bd38bc3624605",
                "sha256:fa4537fb4a98fe8fde99626e4681cc644bdcf2a795038533f9f711513a862ae6",
                "sha256:fd45ff9293d9274c5008a2054ecef86a9bfe819a67c7be1afb65e69b405b3042"
            ],
            "version": "==2021.4.4"
        },
        "toml": {
            "hashes": [
                "sha256:806143ae5bfb6a3c6e736a764057db0e6a0e05e338b5630894a5f779cabb4f9b",
                "sha256:b3bda1d108d5dd99f4a20d24d9c348e91c4db7ab1b749200bded2f839ccbe68f"
            ],
            "markers": "python_version >= '2.6' and python_version not in '3.0, 3.1, 3.2, 3.3'",
            "version": "==0.10.2"
        }
    }
}
